
Microsoft Visual Studio Solution File, Format Version 12.00
# Visual Studio Version 17
VisualStudioVersion = 17.9.34723.18
MinimumVisualStudioVersion = 10.0.40219.1
Project("{FAE04EC0-301F-11D3-BF4B-00C04F79EFBC}") = "RentAMotorcycleRabbitMQ", "RentAMotorcycleRabbitMQ\RentAMotorcycleRabbitMQ.csproj", "{00CDBA40-FD6E-4E1F-AC85-73E29547B70A}"
EndProject
Global
	GlobalSection(SolutionConfigurationPlatforms) = preSolution
		Debug|Any CPU = Debug|Any CPU
		Release|Any CPU = Release|Any CPU
	EndGlobalSection
	GlobalSection(ProjectConfigurationPlatforms) = postSolution
		{00CDBA40-FD6E-4E1F-AC85-73E29547B70A}.Debug|Any CPU.ActiveCfg = Debug|Any CPU
		{00CDBA40-FD6E-4E1F-AC85-73E29547B70A}.Debug|Any CPU.Build.0 = Debug|Any CPU
		{00CDBA40-FD6E-4E1F-AC85-73E29547B70A}.Release|Any CPU.ActiveCfg = Release|Any CPU
		{00CDBA40-FD6E-4E1F-AC85-73E29547B70A}.Release|Any CPU.Build.0 = Release|Any CPU
	EndGlobalSection
	GlobalSection(SolutionProperties) = preSolution
		HideSolutionNode = FALSE
	EndGlobalSection
	GlobalSection(ExtensibilityGlobals) = postSolution
		SolutionGuid = {3DD8EB65-418E-496D-B38D-6ECF55CF27A3}
	EndGlobalSection
EndGlobal
